
Microsoft Visual Studio Solution File, Format Version 12.00
# Visual Studio Version 16
VisualStudioVersion = 16.0.29215.179
MinimumVisualStudioVersion = 10.0.40219.1
Project("{FAE04EC0-301F-11D3-BF4B-00C04F79EFBC}") = "Suma", "Suma\Suma.csproj", "{5FAEF52B-9470-4267-AA49-65B16C6EEF8A}"
EndProject
Global
	GlobalSection(SolutionConfigurationPlatforms) = preSolution
		Debug|Any CPU = Debug|Any CPU
		Release|Any CPU = Release|Any CPU
	EndGlobalSection
	GlobalSection(ProjectConfigurationPlatforms) = postSolution
		{5FAEF52B-9470-4267-AA49-65B16C6EEF8A}.Debug|Any CPU.ActiveCfg = Debug|Any CPU
		{5FAEF52B-9470-4267-AA49-65B16C6EEF8A}.Debug|Any CPU.Build.0 = Debug|Any CPU
		{5FAEF52B-9470-4267-AA49-65B16C6EEF8A}.Release|Any CPU.ActiveCfg = Release|Any CPU
		{5FAEF52B-9470-4267-AA49-65B16C6EEF8A}.Release|Any CPU.Build.0 = Release|Any CPU
	EndGlobalSection
	GlobalSection(SolutionProperties) = preSolution
		HideSolutionNode = FALSE
	EndGlobalSection
	GlobalSection(ExtensibilityGlobals) = postSolution
		SolutionGuid = {2A9A84D6-D8C7-44C0-B625-4974303DEC9C}
	EndGlobalSection
EndGlobal
